
Microsoft Visual Studio Solution File, Format Version 12.00
# Visual Studio 15
VisualStudioVersion = 15.0.26730.12
MinimumVisualStudioVersion = 10.0.40219.1
Project("{FAE04EC0-301F-11D3-BF4B-00C04F79EFBC}") = "Demo.Android", "Demo\Demo.Android\Demo.Android.csproj", "{F221A3ED-3CD5-4E82-B043-2A15A6DD33DE}"
EndProject
Project("{FAE04EC0-301F-11D3-BF4B-00C04F79EFBC}") = "Demo.UWP", "Demo\Demo.UWP\Demo.UWP.csproj", "{58265B62-D19C-4E3F-A954-6373A0D7E3CD}"
EndProject
Project("{FAE04EC0-301F-11D3-BF4B-00C04F79EFBC}") = "Demo.iOS", "Demo\Demo.iOS\Demo.iOS.csproj", "{25CE75B4-7666-463A-B4F8-16556988C592}"
EndProject
Project("{2150E333-8FDC-42A3-9474-1A3956D46DE8}") = "Portable", "Portable", "{1334575A-D9F5-4E03-A24A-3B4F64F32B2A}"
EndProject
Project("{9A19103F-16F7-4668-BE54-9A1E7A4F7556}") = "Demo.Models", "Demo\Demo.Models\Demo.Models.csproj", "{86E4CFB5-25F5-48BC-AA21-C64D29CCCEA5}"
EndProject
Project("{9A19103F-16F7-4668-BE54-9A1E7A4F7556}") = "Demo.Interfaces", "Demo\Demo.Interfaces\Demo.Interfaces.csproj", "{247D8769-7ACC-476D-85B7-F13D21A91E48}"
EndProject
Project("{9A19103F-16F7-4668-BE54-9A1E7A4F7556}") = "Demo.DataAccess.Memory", "Demo\Demo.DataAccess.Memory\Demo.DataAccess.Memory.csproj", "{5854FC17-CDE0-4797-9A0B-0A09E082736F}"
EndProject
Project("{9A19103F-16F7-4668-BE54-9A1E7A4F7556}") = "Demo.Business", "Demo\Demo.Business\Demo.Business.csproj", "{E49069CE-23E8-48F3-AAB0-27344CF7C508}"
EndProject
Project("{9A19103F-16F7-4668-BE54-9A1E7A4F7556}") = "Demo.Core", "Demo\Demo.Core\Demo.Core.csproj", "{BC94AFD2-DE74-4BD8-A8F5-4E9341DDC892}"
EndProject
Project("{9A19103F-16F7-4668-BE54-9A1E7A4F7556}") = "Demo.DataAccess.Api", "Demo\Demo.DataAccess.Api\Demo.DataAccess.Api.csproj", "{A7AC4978-662C-431A-B03E-1DA5B2E79122}"
EndProject
Project("{FAE04EC0-301F-11D3-BF4B-00C04F79EFBC}") = "Demo.Tests", "Demo\Demo.Tests\Demo.Tests.csproj", "{396CDB03-A4C8-4324-A0DA-C3712A1B803D}"
EndProject
Global
	GlobalSection(SolutionConfigurationPlatforms) = preSolution
		Ad-Hoc|Any CPU = Ad-Hoc|Any CPU
		Ad-Hoc|ARM = Ad-Hoc|ARM
		Ad-Hoc|iPhone = Ad-Hoc|iPhone
		Ad-Hoc|iPhoneSimulator = Ad-Hoc|iPhoneSimulator
		Ad-Hoc|x64 = Ad-Hoc|x64
		Ad-Hoc|x86 = Ad-Hoc|x86
		AppStore|Any CPU = AppStore|Any CPU
		AppStore|ARM = AppStore|ARM
		AppStore|iPhone = AppStore|iPhone
		AppStore|iPhoneSimulator = AppStore|iPhoneSimulator
		AppStore|x64 = AppStore|x64
		AppStore|x86 = AppStore|x86
		Debug|Any CPU = Debug|Any CPU
		Debug|ARM = Debug|ARM
		Debug|iPhone = Debug|iPhone
		Debug|iPhoneSimulator = Debug|iPhoneSimulator
		Debug|x64 = Debug|x64
		Debug|x86 = Debug|x86
		Release|Any CPU = Release|Any CPU
		Release|ARM = Release|ARM
		Release|iPhone = Release|iPhone
		Release|iPhoneSimulator = Release|iPhoneSimulator
		Release|x64 = Release|x64
		Release|x86 = Release|x86
	EndGlobalSection
	GlobalSection(ProjectConfigurationPlatforms) = postSolution
		{F221A3ED-3CD5-4E82-B043-2A15A6DD33DE}.Ad-Hoc|Any CPU.ActiveCfg = Release|Any CPU
		{F221A3ED-3CD5-4E82-B043-2A15A6DD33DE}.Ad-Hoc|Any CPU.Build.0 = Release|Any CPU
		{F221A3ED-3CD5-4E82-B043-2A15A6DD33DE}.Ad-Hoc|Any CPU.Deploy.0 = Release|Any CPU
		{F221A3ED-3CD5-4E82-B043-2A15A6DD33DE}.Ad-Hoc|ARM.ActiveCfg = Release|Any CPU
		{F221A3ED-3CD5-4E82-B043-2A15A6DD33DE}.Ad-Hoc|ARM.Build.0 = Release|Any CPU
		{F221A3ED-3CD5-4E82-B043-2A15A6DD33DE}.Ad-Hoc|ARM.Deploy.0 = Release|Any CPU
		{F221A3ED-3CD5-4E82-B043-2A15A6DD33DE}.Ad-Hoc|iPhone.ActiveCfg = Release|Any CPU
		{F221A3ED-3CD5-4E82-B043-2A15A6DD33DE}.Ad-Hoc|iPhone.Build.0 = Release|Any CPU
		{F221A3ED-3CD5-4E82-B043-2A15A6DD33DE}.Ad-Hoc|iPhone.Deploy.0 = Release|Any CPU
		{F221A3ED-3CD5-4E82-B043-2A15A6DD33DE}.Ad-Hoc|iPhoneSimulator.ActiveCfg = Release|Any CPU
		{F221A3ED-3CD5-4E82-B043-2A15A6DD33DE}.Ad-Hoc|iPhoneSimulator.Build.0 = Release|Any CPU
		{F221A3ED-3CD5-4E82-B043-2A15A6DD33DE}.Ad-Hoc|iPhoneSimulator.Deploy.0 = Release|Any CPU
		{F221A3ED-3CD5-4E82-B043-2A15A6DD33DE}.Ad-Hoc|x64.ActiveCfg = Release|Any CPU
		{F221A3ED-3CD5-4E82-B043-2A15A6DD33DE}.Ad-Hoc|x64.Build.0 = Release|Any CPU
		{F221A3ED-3CD5-4E82-B043-2A15A6DD33DE}.Ad-Hoc|x64.Deploy.0 = Release|Any CPU
		{F221A3ED-3CD5-4E82-B043-2A15A6DD33DE}.Ad-Hoc|x86.ActiveCfg = Release|Any CPU
		{F221A3ED-3CD5-4E82-B043-2A15A6DD33DE}.Ad-Hoc|x86.Build.0 = Release|Any CPU
		{F221A3ED-3CD5-4E82-B043-2A15A6DD33DE}.Ad-Hoc|x86.Deploy.0 = Release|Any CPU
		{F221A3ED-3CD5-4E82-B043-2A15A6DD33DE}.AppStore|Any CPU.ActiveCfg = Release|Any CPU
		{F221A3ED-3CD5-4E82-B043-2A15A6DD33DE}.AppStore|Any CPU.Build.0 = Release|Any CPU
		{F221A3ED-3CD5-4E82-B043-2A15A6DD33DE}.AppStore|Any CPU.Deploy.0 = Release|Any CPU
		{F221A3ED-3CD5-4E82-B043-2A15A6DD33DE}.AppStore|ARM.ActiveCfg = Release|Any CPU
		{F221A3ED-3CD5-4E82-B043-2A15A6DD33DE}.AppStore|ARM.Build.0 = Release|Any CPU
		{F221A3ED-3CD5-4E82-B043-2A15A6DD33DE}.AppStore|ARM.Deploy.0 = Release|Any CPU
		{F221A3ED-3CD5-4E82-B043-2A15A6DD33DE}.AppStore|iPhone.ActiveCfg = Release|Any CPU
		{F221A3ED-3CD5-4E82-B043-2A15A6DD33DE}.AppStore|iPhone.Build.0 = Release|Any CPU
		{F221A3ED-3CD5-4E82-B043-2A15A6DD33DE}.AppStore|iPhone.Deploy.0 = Release|Any CPU
		{F221A3ED-3CD5-4E82-B043-2A15A6DD33DE}.AppStore|iPhoneSimulator.ActiveCfg = Release|Any CPU
		{F221A3ED-3CD5-4E82-B043-2A15A6DD33DE}.AppStore|iPhoneSimulator.Build.0 = Release|Any CPU
		{F221A3ED-3CD5-4E82-B043-2A15A6DD33DE}.AppStore|iPhoneSimulator.Deploy.0 = Release|Any CPU
		{F221A3ED-3CD5-4E82-B043-2A15A6DD33DE}.AppStore|x64.ActiveCfg = Release|Any CPU
		{F221A3ED-3CD5-4E82-B043-2A15A6DD33DE}.AppStore|x64.Build.0 = Release|Any CPU
		{F221A3ED-3CD5-4E82-B043-2A15A6DD33DE}.AppStore|x64.Deploy.0 = Release|Any CPU
		{F221A3ED-3CD5-4E82-B043-2A15A6DD33DE}.AppStore|x86.ActiveCfg = Release|Any CPU
		{F221A3ED-3CD5-4E82-B043-2A15A6DD33DE}.AppStore|x86.Build.0 = Release|Any CPU
		{F221A3ED-3CD5-4E82-B043-2A15A6DD33DE}.AppStore|x86.Deploy.0 = Release|Any CPU
		{F221A3ED-3CD5-4E82-B043-2A15A6DD33DE}.Debug|Any CPU.ActiveCfg = Debug|Any CPU
		{F221A3ED-3CD5-4E82-B043-2A15A6DD33DE}.Debug|Any CPU.Build.0 = Debug|Any CPU
		{F221A3ED-3CD5-4E82-B043-2A15A6DD33DE}.Debug|Any CPU.Deploy.0 = Debug|Any CPU
		{F221A3ED-3CD5-4E82-B043-2A15A6DD33DE}.Debug|ARM.ActiveCfg = Debug|Any CPU
		{F221A3ED-3CD5-4E82-B043-2A15A6DD33DE}.Debug|ARM.Build.0 = Debug|Any CPU
		{F221A3ED-3CD5-4E82-B043-2A15A6DD33DE}.Debug|ARM.Deploy.0 = Debug|Any CPU
		{F221A3ED-3CD5-4E82-B043-2A15A6DD33DE}.Debug|iPhone.ActiveCfg = Debug|Any CPU
		{F221A3ED-3CD5-4E82-B043-2A15A6DD33DE}.Debug|iPhone.Build.0 = Debug|Any CPU
		{F221A3ED-3CD5-4E82-B043-2A15A6DD33DE}.Debug|iPhone.Deploy.0 = Debug|Any CPU
		{F221A3ED-3CD5-4E82-B043-2A15A6DD33DE}.Debug|iPhoneSimulator.ActiveCfg = Debug|Any CPU
		{F221A3ED-3CD5-4E82-B043-2A15A6DD33DE}.Debug|iPhoneSimulator.Build.0 = Debug|Any CPU
		{F221A3ED-3CD5-4E82-B043-2A15A6DD33DE}.Debug|iPhoneSimulator.Deploy.0 = Debug|Any CPU
		{F221A3ED-3CD5-4E82-B043-2A15A6DD33DE}.Debug|x64.ActiveCfg = Debug|Any CPU
		{F221A3ED-3CD5-4E82-B043-2A15A6DD33DE}.Debug|x64.Build.0 = Debug|Any CPU
		{F221A3ED-3CD5-4E82-B043-2A15A6DD33DE}.Debug|x64.Deploy.0 = Debug|Any CPU
		{F221A3ED-3CD5-4E82-B043-2A15A6DD33DE}.Debug|x86.ActiveCfg = Debug|Any CPU
		{F221A3ED-3CD5-4E82-B043-2A15A6DD33DE}.Debug|x86.Build.0 = Debug|Any CPU
		{F221A3ED-3CD5-4E82-B043-2A15A6DD33DE}.Debug|x86.Deploy.0 = Debug|Any CPU
		{F221A3ED-3CD5-4E82-B043-2A15A6DD33DE}.Release|Any CPU.ActiveCfg = Release|Any CPU
		{F221A3ED-3CD5-4E82-B043-2A15A6DD33DE}.Release|Any CPU.Build.0 = Release|Any CPU
		{F221A3ED-3CD5-4E82-B043-2A15A6DD33DE}.Release|Any CPU.Deploy.0 = Release|Any CPU
		{F221A3ED-3CD5-4E82-B043-2A15A6DD33DE}.Release|ARM.ActiveCfg = Release|Any CPU
		{F221A3ED-3CD5-4E82-B043-2A15A6DD33DE}.Release|ARM.Build.0 = Release|Any CPU
		{F221A3ED-3CD5-4E82-B043-2A15A6DD33DE}.Release|ARM.Deploy.0 = Release|Any CPU
		{F221A3ED-3CD5-4E82-B043-2A15A6DD33DE}.Release|iPhone.ActiveCfg = Release|Any CPU
		{F221A3ED-3CD5-4E82-B043-2A15A6DD33DE}.Release|iPhone.Build.0 = Release|Any CPU
		{F221A3ED-3CD5-4E82-B043-2A15A6DD33DE}.Release|iPhone.Deploy.0 = Release|Any CPU
		{F221A3ED-3CD5-4E82-B043-2A15A6DD33DE}.Release|iPhoneSimulator.ActiveCfg = Release|Any CPU
		{F221A3ED-3CD5-4E82-B043-2A15A6DD33DE}.Release|iPhoneSimulator.Build.0 = Release|Any CPU
		{F221A3ED-3CD5-4E82-B043-2A15A6DD33DE}.Release|iPhoneSimulator.Deploy.0 = Release|Any CPU
		{F221A3ED-3CD5-4E82-B043-2A15A6DD33DE}.Release|x64.ActiveCfg = Release|Any CPU
		{F221A3ED-3CD5-4E82-B043-2A15A6DD33DE}.Release|x64.Build.0 = Release|Any CPU
		{F221A3ED-3CD5-4E82-B043-2A15A6DD33DE}.Release|x64.Deploy.0 = Release|Any CPU
		{F221A3ED-3CD5-4E82-B043-2A15A6DD33DE}.Release|x86.ActiveCfg = Release|Any CPU
		{F221A3ED-3CD5-4E82-B043-2A15A6DD33DE}.Release|x86.Build.0 = Release|Any CPU
		{F221A3ED-3CD5-4E82-B043-2A15A6DD33DE}.Release|x86.Deploy.0 = Release|Any CPU
		{58265B62-D19C-4E3F-A954-6373A0D7E3CD}.Ad-Hoc|Any CPU.ActiveCfg = Release|x86
		{58265B62-D19C-4E3F-A954-6373A0D7E3CD}.Ad-Hoc|Any CPU.Build.0 = Release|x86
		{58265B62-D19C-4E3F-A954-6373A0D7E3CD}.Ad-Hoc|Any CPU.Deploy.0 = Release|x86
		{58265B62-D19C-4E3F-A954-6373A0D7E3CD}.Ad-Hoc|ARM.ActiveCfg = Release|ARM
		{58265B62-D19C-4E3F-A954-6373A0D7E3CD}.Ad-Hoc|ARM.Build.0 = Release|ARM
		{58265B62-D19C-4E3F-A954-6373A0D7E3CD}.Ad-Hoc|ARM.Deploy.0 = Release|ARM
		{58265B62-D19C-4E3F-A954-6373A0D7E3CD}.Ad-Hoc|iPhone.ActiveCfg = Release|x86
		{58265B62-D19C-4E3F-A954-6373A0D7E3CD}.Ad-Hoc|iPhone.Build.0 = Release|x86
		{58265B62-D19C-4E3F-A954-6373A0D7E3CD}.Ad-Hoc|iPhone.Deploy.0 = Release|x86
		{58265B62-D19C-4E3F-A954-6373A0D7E3CD}.Ad-Hoc|iPhoneSimulator.ActiveCfg = Release|x86
		{58265B62-D19C-4E3F-A954-6373A0D7E3CD}.Ad-Hoc|iPhoneSimulator.Build.0 = Release|x86
		{58265B62-D19C-4E3F-A954-6373A0D7E3CD}.Ad-Hoc|iPhoneSimulator.Deploy.0 = Release|x86
		{58265B62-D19C-4E3F-A954-6373A0D7E3CD}.Ad-Hoc|x64.ActiveCfg = Release|x64
		{58265B62-D19C-4E3F-A954-6373A0D7E3CD}.Ad-Hoc|x64.Build.0 = Release|x64
		{58265B62-D19C-4E3F-A954-6373A0D7E3CD}.Ad-Hoc|x64.Deploy.0 = Release|x64
		{58265B62-D19C-4E3F-A954-6373A0D7E3CD}.Ad-Hoc|x86.ActiveCfg = Release|x86
		{58265B62-D19C-4E3F-A954-6373A0D7E3CD}.Ad-Hoc|x86.Build.0 = Release|x86
		{58265B62-D19C-4E3F-A954-6373A0D7E3CD}.Ad-Hoc|x86.Deploy.0 = Release|x86
		{58265B62-D19C-4E3F-A954-6373A0D7E3CD}.AppStore|Any CPU.ActiveCfg = Release|x86
		{58265B62-D19C-4E3F-A954-6373A0D7E3CD}.AppStore|Any CPU.Build.0 = Release|x86
		{58265B62-D19C-4E3F-A954-6373A0D7E3CD}.AppStore|Any CPU.Deploy.0 = Release|x86
		{58265B62-D19C-4E3F-A954-6373A0D7E3CD}.AppStore|ARM.ActiveCfg = Release|ARM
		{58265B62-D19C-4E3F-A954-6373A0D7E3CD}.AppStore|ARM.Build.0 = Release|ARM
		{58265B62-D19C-4E3F-A954-6373A0D7E3CD}.AppStore|ARM.Deploy.0 = Release|ARM
		{58265B62-D19C-4E3F-A954-6373A0D7E3CD}.AppStore|iPhone.ActiveCfg = Release|x86
		{58265B62-D19C-4E3F-A954-6373A0D7E3CD}.AppStore|iPhone.Build.0 = Release|x86
		{58265B62-D19C-4E3F-A954-6373A0D7E3CD}.AppStore|iPhone.Deploy.0 = Release|x86
		{58265B62-D19C-4E3F-A954-6373A0D7E3CD}.AppStore|iPhoneSimulator.ActiveCfg = Release|x86
		{58265B62-D19C-4E3F-A954-6373A0D7E3CD}.AppStore|iPhoneSimulator.Build.0 = Release|x86
		{58265B62-D19C-4E3F-A954-6373A0D7E3CD}.AppStore|iPhoneSimulator.Deploy.0 = Release|x86
		{58265B62-D19C-4E3F-A954-6373A0D7E3CD}.AppStore|x64.ActiveCfg = Release|x64
		{58265B62-D19C-4E3F-A954-6373A0D7E3CD}.AppStore|x64.Build.0 = Release|x64
		{58265B62-D19C-4E3F-A954-6373A0D7E3CD}.AppStore|x64.Deploy.0 = Release|x64
		{58265B62-D19C-4E3F-A954-6373A0D7E3CD}.AppStore|x86.ActiveCfg = Release|x86
		{58265B62-D19C-4E3F-A954-6373A0D7E3CD}.AppStore|x86.Build.0 = Release|x86
		{58265B62-D19C-4E3F-A954-6373A0D7E3CD}.AppStore|x86.Deploy.0 = Release|x86
		{58265B62-D19C-4E3F-A954-6373A0D7E3CD}.Debug|Any CPU.ActiveCfg = Debug|x86
		{58265B62-D19C-4E3F-A954-6373A0D7E3CD}.Debug|ARM.ActiveCfg = Debug|ARM
		{58265B62-D19C-4E3F-A954-6373A0D7E3CD}.Debug|ARM.Build.0 = Debug|ARM
		{58265B62-D19C-4E3F-A954-6373A0D7E3CD}.Debug|ARM.Deploy.0 = Debug|ARM
		{58265B62-D19C-4E3F-A954-6373A0D7E3CD}.Debug|iPhone.ActiveCfg = Debug|x86
		{58265B62-D19C-4E3F-A954-6373A0D7E3CD}.Debug|iPhoneSimulator.ActiveCfg = Debug|x86
		{58265B62-D19C-4E3F-A954-6373A0D7E3CD}.Debug|x64.ActiveCfg = Debug|x64
		{58265B62-D19C-4E3F-A954-6373A0D7E3CD}.Debug|x64.Build.0 = Debug|x64
		{58265B62-D19C-4E3F-A954-6373A0D7E3CD}.Debug|x64.Deploy.0 = Debug|x64
		{58265B62-D19C-4E3F-A954-6373A0D7E3CD}.Debug|x86.ActiveCfg = Debug|x86
		{58265B62-D19C-4E3F-A954-6373A0D7E3CD}.Debug|x86.Build.0 = Debug|x86
		{58265B62-D19C-4E3F-A954-6373A0D7E3CD}.Debug|x86.Deploy.0 = Debug|x86
		{58265B62-D19C-4E3F-A954-6373A0D7E3CD}.Release|Any CPU.ActiveCfg = Release|x86
		{58265B62-D19C-4E3F-A954-6373A0D7E3CD}.Release|ARM.ActiveCfg = Release|ARM
		{58265B62-D19C-4E3F-A954-6373A0D7E3CD}.Release|ARM.Build.0 = Release|ARM
		{58265B62-D19C-4E3F-A954-6373A0D7E3CD}.Release|ARM.Deploy.0 = Release|ARM
		{58265B62-D19C-4E3F-A954-6373A0D7E3CD}.Release|iPhone.ActiveCfg = Release|x86
		{58265B62-D19C-4E3F-A954-6373A0D7E3CD}.Release|iPhoneSimulator.ActiveCfg = Release|x86
		{58265B62-D19C-4E3F-A954-6373A0D7E3CD}.Release|x64.ActiveCfg = Release|x64
		{58265B62-D19C-4E3F-A954-6373A0D7E3CD}.Release|x64.Build.0 = Release|x64
		{58265B62-D19C-4E3F-A954-6373A0D7E3CD}.Release|x64.Deploy.0 = Release|x64
		{58265B62-D19C-4E3F-A954-6373A0D7E3CD}.Release|x86.ActiveCfg = Release|x86
		{58265B62-D19C-4E3F-A954-6373A0D7E3CD}.Release|x86.Build.0 = Release|x86
		{58265B62-D19C-4E3F-A954-6373A0D7E3CD}.Release|x86.Deploy.0 = Release|x86
		{25CE75B4-7666-463A-B4F8-16556988C592}.Ad-Hoc|Any CPU.ActiveCfg = Ad-Hoc|iPhone
		{25CE75B4-7666-463A-B4F8-16556988C592}.Ad-Hoc|ARM.ActiveCfg = Ad-Hoc|iPhone
		{25CE75B4-7666-463A-B4F8-16556988C592}.Ad-Hoc|iPhone.ActiveCfg = Ad-Hoc|iPhone
		{25CE75B4-7666-463A-B4F8-16556988C592}.Ad-Hoc|iPhone.Build.0 = Ad-Hoc|iPhone
		{25CE75B4-7666-463A-B4F8-16556988C592}.Ad-Hoc|iPhoneSimulator.ActiveCfg = Ad-Hoc|iPhoneSimulator
		{25CE75B4-7666-463A-B4F8-16556988C592}.Ad-Hoc|iPhoneSimulator.Build.0 = Ad-Hoc|iPhoneSimulator
		{25CE75B4-7666-463A-B4F8-16556988C592}.Ad-Hoc|x64.ActiveCfg = Ad-Hoc|iPhone
		{25CE75B4-7666-463A-B4F8-16556988C592}.Ad-Hoc|x86.ActiveCfg = Ad-Hoc|iPhone
		{25CE75B4-7666-463A-B4F8-16556988C592}.AppStore|Any CPU.ActiveCfg = AppStore|iPhone
		{25CE75B4-7666-463A-B4F8-16556988C592}.AppStore|ARM.ActiveCfg = AppStore|iPhone
		{25CE75B4-7666-463A-B4F8-16556988C592}.AppStore|iPhone.ActiveCfg = AppStore|iPhone
		{25CE75B4-7666-463A-B4F8-16556988C592}.AppStore|iPhone.Build.0 = AppStore|iPhone
		{25CE75B4-7666-463A-B4F8-16556988C592}.AppStore|iPhoneSimulator.ActiveCfg = AppStore|iPhoneSimulator
		{25CE75B4-7666-463A-B4F8-16556988C592}.AppStore|iPhoneSimulator.Build.0 = AppStore|iPhoneSimulator
		{25CE75B4-7666-463A-B4F8-16556988C592}.AppStore|x64.ActiveCfg = AppStore|iPhone
		{25CE75B4-7666-463A-B4F8-16556988C592}.AppStore|x86.ActiveCfg = AppStore|iPhone
		{25CE75B4-7666-463A-B4F8-16556988C592}.Debug|Any CPU.ActiveCfg = Debug|iPhone
		{25CE75B4-7666-463A-B4F8-16556988C592}.Debug|ARM.ActiveCfg = Debug|iPhone
		{25CE75B4-7666-463A-B4F8-16556988C592}.Debug|iPhone.ActiveCfg = Debug|iPhone
		{25CE75B4-7666-463A-B4F8-16556988C592}.Debug|iPhone.Build.0 = Debug|iPhone
		{25CE75B4-7666-463A-B4F8-16556988C592}.Debug|iPhoneSimulator.ActiveCfg = Debug|iPhoneSimulator
		{25CE75B4-7666-463A-B4F8-16556988C592}.Debug|iPhoneSimulator.Build.0 = Debug|iPhoneSimulator
		{25CE75B4-7666-463A-B4F8-16556988C592}.Debug|x64.ActiveCfg = Debug|iPhone
		{25CE75B4-7666-463A-B4F8-16556988C592}.Debug|x86.ActiveCfg = Debug|iPhone
		{25CE75B4-7666-463A-B4F8-16556988C592}.Release|Any CPU.ActiveCfg = Release|iPhone
		{25CE75B4-7666-463A-B4F8-16556988C592}.Release|ARM.ActiveCfg = Release|iPhone
		{25CE75B4-7666-463A-B4F8-16556988C592}.Release|iPhone.ActiveCfg = Release|iPhone
		{25CE75B4-7666-463A-B4F8-16556988C592}.Release|iPhone.Build.0 = Release|iPhone
		{25CE75B4-7666-463A-B4F8-16556988C592}.Release|iPhoneSimulator.ActiveCfg = Release|iPhoneSimulator
		{25CE75B4-7666-463A-B4F8-16556988C592}.Release|iPhoneSimulator.Build.0 = Release|iPhoneSimulator
		{25CE75B4-7666-463A-B4F8-16556988C592}.Release|x64.ActiveCfg = Release|iPhone
		{25CE75B4-7666-463A-B4F8-16556988C592}.Release|x86.ActiveCfg = Release|iPhone
		{86E4CFB5-25F5-48BC-AA21-C64D29CCCEA5}.Ad-Hoc|Any CPU.ActiveCfg = Debug|Any CPU
		{86E4CFB5-25F5-48BC-AA21-C64D29CCCEA5}.Ad-Hoc|Any CPU.Build.0 = Debug|Any CPU
		{86E4CFB5-25F5-48BC-AA21-C64D29CCCEA5}.Ad-Hoc|ARM.ActiveCfg = Debug|Any CPU
		{86E4CFB5-25F5-48BC-AA21-C64D29CCCEA5}.Ad-Hoc|ARM.Build.0 = Debug|Any CPU
		{86E4CFB5-25F5-48BC-AA21-C64D29CCCEA5}.Ad-Hoc|iPhone.ActiveCfg = Debug|Any CPU
		{86E4CFB5-25F5-48BC-AA21-C64D29CCCEA5}.Ad-Hoc|iPhone.Build.0 = Debug|Any CPU
		{86E4CFB5-25F5-48BC-AA21-C64D29CCCEA5}.Ad-Hoc|iPhoneSimulator.ActiveCfg = Debug|Any CPU
		{86E4CFB5-25F5-48BC-AA21-C64D29CCCEA5}.Ad-Hoc|iPhoneSimulator.Build.0 = Debug|Any CPU
		{86E4CFB5-25F5-48BC-AA21-C64D29CCCEA5}.Ad-Hoc|x64.ActiveCfg = Debug|Any CPU
		{86E4CFB5-25F5-48BC-AA21-C64D29CCCEA5}.Ad-Hoc|x64.Build.0 = Debug|Any CPU
		{86E4CFB5-25F5-48BC-AA21-C64D29CCCEA5}.Ad-Hoc|x86.ActiveCfg = Debug|Any CPU
		{86E4CFB5-25F5-48BC-AA21-C64D29CCCEA5}.Ad-Hoc|x86.Build.0 = Debug|Any CPU
		{86E4CFB5-25F5-48BC-AA21-C64D29CCCEA5}.AppStore|Any CPU.ActiveCfg = Debug|Any CPU
		{86E4CFB5-25F5-48BC-AA21-C64D29CCCEA5}.AppStore|Any CPU.Build.0 = Debug|Any CPU
		{86E4CFB5-25F5-48BC-AA21-C64D29CCCEA5}.AppStore|ARM.ActiveCfg = Debug|Any CPU
		{86E4CFB5-25F5-48BC-AA21-C64D29CCCEA5}.AppStore|ARM.Build.0 = Debug|Any CPU
		{86E4CFB5-25F5-48BC-AA21-C64D29CCCEA5}.AppStore|iPhone.ActiveCfg = Debug|Any CPU
		{86E4CFB5-25F5-48BC-AA21-C64D29CCCEA5}.AppStore|iPhone.Build.0 = Debug|Any CPU
		{86E4CFB5-25F5-48BC-AA21-C64D29CCCEA5}.AppStore|iPhoneSimulator.ActiveCfg = Debug|Any CPU
		{86E4CFB5-25F5-48BC-AA21-C64D29CCCEA5}.AppStore|iPhoneSimulator.Build.0 = Debug|Any CPU
		{86E4CFB5-25F5-48BC-AA21-C64D29CCCEA5}.AppStore|x64.ActiveCfg = Debug|Any CPU
		{86E4CFB5-25F5-48BC-AA21-C64D29CCCEA5}.AppStore|x64.Build.0 = Debug|Any CPU
		{86E4CFB5-25F5-48BC-AA21-C64D29CCCEA5}.AppStore|x86.ActiveCfg = Debug|Any CPU
		{86E4CFB5-25F5-48BC-AA21-C64D29CCCEA5}.AppStore|x86.Build.0 = Debug|Any CPU
		{86E4CFB5-25F5-48BC-AA21-C64D29CCCEA5}.Debug|Any CPU.ActiveCfg = Debug|Any CPU
		{86E4CFB5-25F5-48BC-AA21-C64D29CCCEA5}.Debug|Any CPU.Build.0 = Debug|Any CPU
		{86E4CFB5-25F5-48BC-AA21-C64D29CCCEA5}.Debug|ARM.ActiveCfg = Debug|Any CPU
		{86E4CFB5-25F5-48BC-AA21-C64D29CCCEA5}.Debug|ARM.Build.0 = Debug|Any CPU
		{86E4CFB5-25F5-48BC-AA21-C64D29CCCEA5}.Debug|iPhone.ActiveCfg = Debug|Any CPU
		{86E4CFB5-25F5-48BC-AA21-C64D29CCCEA5}.Debug|iPhone.Build.0 = Debug|Any CPU
		{86E4CFB5-25F5-48BC-AA21-C64D29CCCEA5}.Debug|iPhoneSimulator.ActiveCfg = Debug|Any CPU
		{86E4CFB5-25F5-48BC-AA21-C64D29CCCEA5}.Debug|iPhoneSimulator.Build.0 = Debug|Any CPU
		{86E4CFB5-25F5-48BC-AA21-C64D29CCCEA5}.Debug|x64.ActiveCfg = Debug|Any CPU
		{86E4CFB5-25F5-48BC-AA21-C64D29CCCEA5}.Debug|x64.Build.0 = Debug|Any CPU
		{86E4CFB5-25F5-48BC-AA21-C64D29CCCEA5}.Debug|x86.ActiveCfg = Debug|Any CPU
		{86E4CFB5-25F5-48BC-AA21-C64D29CCCEA5}.Debug|x86.Build.0 = Debug|Any CPU
		{86E4CFB5-25F5-48BC-AA21-C64D29CCCEA5}.Release|Any CPU.ActiveCfg = Release|Any CPU
		{86E4CFB5-25F5-48BC-AA21-C64D29CCCEA5}.Release|Any CPU.Build.0 = Release|Any CPU
		{86E4CFB5-25F5-48BC-AA21-C64D29CCCEA5}.Release|ARM.ActiveCfg = Release|Any CPU
		{86E4CFB5-25F5-48BC-AA21-C64D29CCCEA5}.Release|ARM.Build.0 = Release|Any CPU
		{86E4CFB5-25F5-48BC-AA21-C64D29CCCEA5}.Release|iPhone.ActiveCfg = Release|Any CPU
		{86E4CFB5-25F5-48BC-AA21-C64D29CCCEA5}.Release|iPhone.Build.0 = Release|Any CPU
		{86E4CFB5-25F5-48BC-AA21-C64D29CCCEA5}.Release|iPhoneSimulator.ActiveCfg = Release|Any CPU
		{86E4CFB5-25F5-48BC-AA21-C64D29CCCEA5}.Release|iPhoneSimulator.Build.0 = Release|Any CPU
		{86E4CFB5-25F5-48BC-AA21-C64D29CCCEA5}.Release|x64.ActiveCfg = Release|Any CPU
		{86E4CFB5-25F5-48BC-AA21-C64D29CCCEA5}.Release|x64.Build.0 = Release|Any CPU
		{86E4CFB5-25F5-48BC-AA21-C64D29CCCEA5}.Release|x86.ActiveCfg = Release|Any CPU
		{86E4CFB5-25F5-48BC-AA21-C64D29CCCEA5}.Release|x86.Build.0 = Release|Any CPU
		{247D8769-7ACC-476D-85B7-F13D21A91E48}.Ad-Hoc|Any CPU.ActiveCfg = Debug|Any CPU
		{247D8769-7ACC-476D-85B7-F13D21A91E48}.Ad-Hoc|Any CPU.Build.0 = Debug|Any CPU
		{247D8769-7ACC-476D-85B7-F13D21A91E48}.Ad-Hoc|ARM.ActiveCfg = Debug|Any CPU
		{247D8769-7ACC-476D-85B7-F13D21A91E48}.Ad-Hoc|ARM.Build.0 = Debug|Any CPU
		{247D8769-7ACC-476D-85B7-F13D21A91E48}.Ad-Hoc|iPhone.ActiveCfg = Debug|Any CPU
		{247D8769-7ACC-476D-85B7-F13D21A91E48}.Ad-Hoc|iPhone.Build.0 = Debug|Any CPU
		{247D8769-7ACC-476D-85B7-F13D21A91E48}.Ad-Hoc|iPhoneSimulator.ActiveCfg = Debug|Any CPU
		{247D8769-7ACC-476D-85B7-F13D21A91E48}.Ad-Hoc|iPhoneSimulator.Build.0 = Debug|Any CPU
		{247D8769-7ACC-476D-85B7-F13D21A91E48}.Ad-Hoc|x64.ActiveCfg = Debug|Any CPU
		{247D8769-7ACC-476D-85B7-F13D21A91E48}.Ad-Hoc|x64.Build.0 = Debug|Any CPU
		{247D8769-7ACC-476D-85B7-F13D21A91E48}.Ad-Hoc|x86.ActiveCfg = Debug|Any CPU
		{247D8769-7ACC-476D-85B7-F13D21A91E48}.Ad-Hoc|x86.Build.0 = Debug|Any CPU
		{247D8769-7ACC-476D-85B7-F13D21A91E48}.AppStore|Any CPU.ActiveCfg = Debug|Any CPU
		{247D8769-7ACC-476D-85B7-F13D21A91E48}.AppStore|Any CPU.Build.0 = Debug|Any CPU
		{247D8769-7ACC-476D-85B7-F13D21A91E48}.AppStore|ARM.ActiveCfg = Debug|Any CPU
		{247D8769-7ACC-476D-85B7-F13D21A91E48}.AppStore|ARM.Build.0 = Debug|Any CPU
		{247D8769-7ACC-476D-85B7-F13D21A91E48}.AppStore|iPhone.ActiveCfg = Debug|Any CPU
		{247D8769-7ACC-476D-85B7-F13D21A91E48}.AppStore|iPhone.Build.0 = Debug|Any CPU
		{247D8769-7ACC-476D-85B7-F13D21A91E48}.AppStore|iPhoneSimulator.ActiveCfg = Debug|Any CPU
		{247D8769-7ACC-476D-85B7-F13D21A91E48}.AppStore|iPhoneSimulator.Build.0 = Debug|Any CPU
		{247D8769-7ACC-476D-85B7-F13D21A91E48}.AppStore|x64.ActiveCfg = Debug|Any CPU
		{247D8769-7ACC-476D-85B7-F13D21A91E48}.AppStore|x64.Build.0 = Debug|Any CPU
		{247D8769-7ACC-476D-85B7-F13D21A91E48}.AppStore|x86.ActiveCfg = Debug|Any CPU
		{247D8769-7ACC-476D-85B7-F13D21A91E48}.AppStore|x86.Build.0 = Debug|Any CPU
		{247D8769-7ACC-476D-85B7-F13D21A91E48}.Debug|Any CPU.ActiveCfg = Debug|Any CPU
		{247D8769-7ACC-476D-85B7-F13D21A91E48}.Debug|Any CPU.Build.0 = Debug|Any CPU
		{247D8769-7ACC-476D-85B7-F13D21A91E48}.Debug|ARM.ActiveCfg = Debug|Any CPU
		{247D8769-7ACC-476D-85B7-F13D21A91E48}.Debug|ARM.Build.0 = Debug|Any CPU
		{247D8769-7ACC-476D-85B7-F13D21A91E48}.Debug|iPhone.ActiveCfg = Debug|Any CPU
		{247D8769-7ACC-476D-85B7-F13D21A91E48}.Debug|iPhone.Build.0 = Debug|Any CPU
		{247D8769-7ACC-476D-85B7-F13D21A91E48}.Debug|iPhoneSimulator.ActiveCfg = Debug|Any CPU
		{247D8769-7ACC-476D-85B7-F13D21A91E48}.Debug|iPhoneSimulator.Build.0 = Debug|Any CPU
		{247D8769-7ACC-476D-85B7-F13D21A91E48}.Debug|x64.ActiveCfg = Debug|Any CPU
		{247D8769-7ACC-476D-85B7-F13D21A91E48}.Debug|x64.Build.0 = Debug|Any CPU
		{247D8769-7ACC-476D-85B7-F13D21A91E48}.Debug|x86.ActiveCfg = Debug|Any CPU
		{247D8769-7ACC-476D-85B7-F13D21A91E48}.Debug|x86.Build.0 = Debug|Any CPU
		{247D8769-7ACC-476D-85B7-F13D21A91E48}.Release|Any CPU.ActiveCfg = Release|Any CPU
		{247D8769-7ACC-476D-85B7-F13D21A91E48}.Release|Any CPU.Build.0 = Release|Any CPU
		{247D8769-7ACC-476D-85B7-F13D21A91E48}.Release|ARM.ActiveCfg = Release|Any CPU
		{247D8769-7ACC-476D-85B7-F13D21A91E48}.Release|ARM.Build.0 = Release|Any CPU
		{247D8769-7ACC-476D-85B7-F13D21A91E48}.Release|iPhone.ActiveCfg = Release|Any CPU
		{247D8769-7ACC-476D-85B7-F13D21A91E48}.Release|iPhone.Build.0 = Release|Any CPU
		{247D8769-7ACC-476D-85B7-F13D21A91E48}.Release|iPhoneSimulator.ActiveCfg = Release|Any CPU
		{247D8769-7ACC-476D-85B7-F13D21A91E48}.Release|iPhoneSimulator.Build.0 = Release|Any CPU
		{247D8769-7ACC-476D-85B7-F13D21A91E48}.Release|x64.ActiveCfg = Release|Any CPU
		{247D8769-7ACC-476D-85B7-F13D21A91E48}.Release|x64.Build.0 = Release|Any CPU
		{247D8769-7ACC-476D-85B7-F13D21A91E48}.Release|x86.ActiveCfg = Release|Any CPU
		{247D8769-7ACC-476D-85B7-F13D21A91E48}.Release|x86.Build.0 = Release|Any CPU
		{5854FC17-CDE0-4797-9A0B-0A09E082736F}.Ad-Hoc|Any CPU.ActiveCfg = Debug|Any CPU
		{5854FC17-CDE0-4797-9A0B-0A09E082736F}.Ad-Hoc|Any CPU.Build.0 = Debug|Any CPU
		{5854FC17-CDE0-4797-9A0B-0A09E082736F}.Ad-Hoc|ARM.ActiveCfg = Debug|Any CPU
		{5854FC17-CDE0-4797-9A0B-0A09E082736F}.Ad-Hoc|ARM.Build.0 = Debug|Any CPU
		{5854FC17-CDE0-4797-9A0B-0A09E082736F}.Ad-Hoc|iPhone.ActiveCfg = Debug|Any CPU
		{5854FC17-CDE0-4797-9A0B-0A09E082736F}.Ad-Hoc|iPhone.Build.0 = Debug|Any CPU
		{5854FC17-CDE0-4797-9A0B-0A09E082736F}.Ad-Hoc|iPhoneSimulator.ActiveCfg = Debug|Any CPU
		{5854FC17-CDE0-4797-9A0B-0A09E082736F}.Ad-Hoc|iPhoneSimulator.Build.0 = Debug|Any CPU
		{5854FC17-CDE0-4797-9A0B-0A09E082736F}.Ad-Hoc|x64.ActiveCfg = Debug|Any CPU
		{5854FC17-CDE0-4797-9A0B-0A09E082736F}.Ad-Hoc|x64.Build.0 = Debug|Any CPU
		{5854FC17-CDE0-4797-9A0B-0A09E082736F}.Ad-Hoc|x86.ActiveCfg = Debug|Any CPU
		{5854FC17-CDE0-4797-9A0B-0A09E082736F}.Ad-Hoc|x86.Build.0 = Debug|Any CPU
		{5854FC17-CDE0-4797-9A0B-0A09E082736F}.AppStore|Any CPU.ActiveCfg = Debug|Any CPU
		{5854FC17-CDE0-4797-9A0B-0A09E082736F}.AppStore|Any CPU.Build.0 = Debug|Any CPU
		{5854FC17-CDE0-4797-9A0B-0A09E082736F}.AppStore|ARM.ActiveCfg = Debug|Any CPU
		{5854FC17-CDE0-4797-9A0B-0A09E082736F}.AppStore|ARM.Build.0 = Debug|Any CPU
		{5854FC17-CDE0-4797-9A0B-0A09E082736F}.AppStore|iPhone.ActiveCfg = Debug|Any CPU
		{5854FC17-CDE0-4797-9A0B-0A09E082736F}.AppStore|iPhone.Build.0 = Debug|Any CPU
		{5854FC17-CDE0-4797-9A0B-0A09E082736F}.AppStore|iPhoneSimulator.ActiveCfg = Debug|Any CPU
		{5854FC17-CDE0-4797-9A0B-0A09E082736F}.AppStore|iPhoneSimulator.Build.0 = Debug|Any CPU
		{5854FC17-CDE0-4797-9A0B-0A09E082736F}.AppStore|x64.ActiveCfg = Debug|Any CPU
		{5854FC17-CDE0-4797-9A0B-0A09E082736F}.AppStore|x64.Build.0 = Debug|Any CPU
		{5854FC17-CDE0-4797-9A0B-0A09E082736F}.AppStore|x86.ActiveCfg = Debug|Any CPU
		{5854FC17-CDE0-4797-9A0B-0A09E082736F}.AppStore|x86.Build.0 = Debug|Any CPU
		{5854FC17-CDE0-4797-9A0B-0A09E082736F}.Debug|Any CPU.ActiveCfg = Debug|Any CPU
		{5854FC17-CDE0-4797-9A0B-0A09E082736F}.Debug|Any CPU.Build.0 = Debug|Any CPU
		{5854FC17-CDE0-4797-9A0B-0A09E082736F}.Debug|ARM.ActiveCfg = Debug|Any CPU
		{5854FC17-CDE0-4797-9A0B-0A09E082736F}.Debug|ARM.Build.0 = Debug|Any CPU
		{5854FC17-CDE0-4797-9A0B-0A09E082736F}.Debug|iPhone.ActiveCfg = Debug|Any CPU
		{5854FC17-CDE0-4797-9A0B-0A09E082736F}.Debug|iPhone.Build.0 = Debug|Any CPU
		{5854FC17-CDE0-4797-9A0B-0A09E082736F}.Debug|iPhoneSimulator.ActiveCfg = Debug|Any CPU
		{5854FC17-CDE0-4797-9A0B-0A09E082736F}.Debug|iPhoneSimulator.Build.0 = Debug|Any CPU
		{5854FC17-CDE0-4797-9A0B-0A09E082736F}.Debug|x64.ActiveCfg = Debug|Any CPU
		{5854FC17-CDE0-4797-9A0B-0A09E082736F}.Debug|x64.Build.0 = Debug|Any CPU
		{5854FC17-CDE0-4797-9A0B-0A09E082736F}.Debug|x86.ActiveCfg = Debug|Any CPU
		{5854FC17-CDE0-4797-9A0B-0A09E082736F}.Debug|x86.Build.0 = Debug|Any CPU
		{5854FC17-CDE0-4797-9A0B-0A09E082736F}.Release|Any CPU.ActiveCfg = Release|Any CPU
		{5854FC17-CDE0-4797-9A0B-0A09E082736F}.Release|Any CPU.Build.0 = Release|Any CPU
		{5854FC17-CDE0-4797-9A0B-0A09E082736F}.Release|ARM.ActiveCfg = Release|Any CPU
		{5854FC17-CDE0-4797-9A0B-0A09E082736F}.Release|ARM.Build.0 = Release|Any CPU
		{5854FC17-CDE0-4797-9A0B-0A09E082736F}.Release|iPhone.ActiveCfg = Release|Any CPU
		{5854FC17-CDE0-4797-9A0B-0A09E082736F}.Release|iPhone.Build.0 = Release|Any CPU
		{5854FC17-CDE0-4797-9A0B-0A09E082736F}.Release|iPhoneSimulator.ActiveCfg = Release|Any CPU
		{5854FC17-CDE0-4797-9A0B-0A09E082736F}.Release|iPhoneSimulator.Build.0 = Release|Any CPU
		{5854FC17-CDE0-4797-9A0B-0A09E082736F}.Release|x64.ActiveCfg = Release|Any CPU
		{5854FC17-CDE0-4797-9A0B-0A09E082736F}.Release|x64.Build.0 = Release|Any CPU
		{5854FC17-CDE0-4797-9A0B-0A09E082736F}.Release|x86.ActiveCfg = Release|Any CPU
		{5854FC17-CDE0-4797-9A0B-0A09E082736F}.Release|x86.Build.0 = Release|Any CPU
		{E49069CE-23E8-48F3-AAB0-27344CF7C508}.Ad-Hoc|Any CPU.ActiveCfg = Debug|Any CPU
		{E49069CE-23E8-48F3-AAB0-27344CF7C508}.Ad-Hoc|Any CPU.Build.0 = Debug|Any CPU
		{E49069CE-23E8-48F3-AAB0-27344CF7C508}.Ad-Hoc|ARM.ActiveCfg = Debug|Any CPU
		{E49069CE-23E8-48F3-AAB0-27344CF7C508}.Ad-Hoc|ARM.Build.0 = Debug|Any CPU
		{E49069CE-23E8-48F3-AAB0-27344CF7C508}.Ad-Hoc|iPhone.ActiveCfg = Debug|Any CPU
		{E49069CE-23E8-48F3-AAB0-27344CF7C508}.Ad-Hoc|iPhone.Build.0 = Debug|Any CPU
		{E49069CE-23E8-48F3-AAB0-27344CF7C508}.Ad-Hoc|iPhoneSimulator.ActiveCfg = Debug|Any CPU
		{E49069CE-23E8-48F3-AAB0-27344CF7C508}.Ad-Hoc|iPhoneSimulator.Build.0 = Debug|Any CPU
		{E49069CE-23E8-48F3-AAB0-27344CF7C508}.Ad-Hoc|x64.ActiveCfg = Debug|Any CPU
		{E49069CE-23E8-48F3-AAB0-27344CF7C508}.Ad-Hoc|x64.Build.0 = Debug|Any CPU
		{E49069CE-23E8-48F3-AAB0-27344CF7C508}.Ad-Hoc|x86.ActiveCfg = Debug|Any CPU
		{E49069CE-23E8-48F3-AAB0-27344CF7C508}.Ad-Hoc|x86.Build.0 = Debug|Any CPU
		{E49069CE-23E8-48F3-AAB0-27344CF7C508}.AppStore|Any CPU.ActiveCfg = Debug|Any CPU
		{E49069CE-23E8-48F3-AAB0-27344CF7C508}.AppStore|Any CPU.Build.0 = Debug|Any CPU
		{E49069CE-23E8-48F3-AAB0-27344CF7C508}.AppStore|ARM.ActiveCfg = Debug|Any CPU
		{E49069CE-23E8-48F3-AAB0-27344CF7C508}.AppStore|ARM.Build.0 = Debug|Any CPU
		{E49069CE-23E8-48F3-AAB0-27344CF7C508}.AppStore|iPhone.ActiveCfg = Debug|Any CPU
		{E49069CE-23E8-48F3-AAB0-27344CF7C508}.AppStore|iPhone.Build.0 = Debug|Any CPU
		{E49069CE-23E8-48F3-AAB0-27344CF7C508}.AppStore|iPhoneSimulator.ActiveCfg = Debug|Any CPU
		{E49069CE-23E8-48F3-AAB0-27344CF7C508}.AppStore|iPhoneSimulator.Build.0 = Debug|Any CPU
		{E49069CE-23E8-48F3-AAB0-27344CF7C508}.AppStore|x64.ActiveCfg = Debug|Any CPU
		{E49069CE-23E8-48F3-AAB0-27344CF7C508}.AppStore|x64.Build.0 = Debug|Any CPU
		{E49069CE-23E8-48F3-AAB0-27344CF7C508}.AppStore|x86.ActiveCfg = Debug|Any CPU
		{E49069CE-23E8-48F3-AAB0-27344CF7C508}.AppStore|x86.Build.0 = Debug|Any CPU
		{E49069CE-23E8-48F3-AAB0-27344CF7C508}.Debug|Any CPU.ActiveCfg = Debug|Any CPU
		{E49069CE-23E8-48F3-AAB0-27344CF7C508}.Debug|Any CPU.Build.0 = Debug|Any CPU
		{E49069CE-23E8-48F3-AAB0-27344CF7C508}.Debug|ARM.ActiveCfg = Debug|Any CPU
		{E49069CE-23E8-48F3-AAB0-27344CF7C508}.Debug|ARM.Build.0 = Debug|Any CPU
		{E49069CE-23E8-48F3-AAB0-27344CF7C508}.Debug|iPhone.ActiveCfg = Debug|Any CPU
		{E49069CE-23E8-48F3-AAB0-27344CF7C508}.Debug|iPhone.Build.0 = Debug|Any CPU
		{E49069CE-23E8-48F3-AAB0-27344CF7C508}.Debug|iPhoneSimulator.ActiveCfg = Debug|Any CPU
		{E49069CE-23E8-48F3-AAB0-27344CF7C508}.Debug|iPhoneSimulator.Build.0 = Debug|Any CPU
		{E49069CE-23E8-48F3-AAB0-27344CF7C508}.Debug|x64.ActiveCfg = Debug|Any CPU
		{E49069CE-23E8-48F3-AAB0-27344CF7C508}.Debug|x64.Build.0 = Debug|Any CPU
		{E49069CE-23E8-48F3-AAB0-27344CF7C508}.Debug|x86.ActiveCfg = Debug|Any CPU
		{E49069CE-23E8-48F3-AAB0-27344CF7C508}.Debug|x86.Build.0 = Debug|Any CPU
		{E49069CE-23E8-48F3-AAB0-27344CF7C508}.Release|Any CPU.ActiveCfg = Release|Any CPU
		{E49069CE-23E8-48F3-AAB0-27344CF7C508}.Release|Any CPU.Build.0 = Release|Any CPU
		{E49069CE-23E8-48F3-AAB0-27344CF7C508}.Release|ARM.ActiveCfg = Release|Any CPU
		{E49069CE-23E8-48F3-AAB0-27344CF7C508}.Release|ARM.Build.0 = Release|Any CPU
		{E49069CE-23E8-48F3-AAB0-27344CF7C508}.Release|iPhone.ActiveCfg = Release|Any CPU
		{E49069CE-23E8-48F3-AAB0-27344CF7C508}.Release|iPhone.Build.0 = Release|Any CPU
		{E49069CE-23E8-48F3-AAB0-27344CF7C508}.Release|iPhoneSimulator.ActiveCfg = Release|Any CPU
		{E49069CE-23E8-48F3-AAB0-27344CF7C508}.Release|iPhoneSimulator.Build.0 = Release|Any CPU
		{E49069CE-23E8-48F3-AAB0-27344CF7C508}.Release|x64.ActiveCfg = Release|Any CPU
		{E49069CE-23E8-48F3-AAB0-27344CF7C508}.Release|x64.Build.0 = Release|Any CPU
		{E49069CE-23E8-48F3-AAB0-27344CF7C508}.Release|x86.ActiveCfg = Release|Any CPU
		{E49069CE-23E8-48F3-AAB0-27344CF7C508}.Release|x86.Build.0 = Release|Any CPU
		{BC94AFD2-DE74-4BD8-A8F5-4E9341DDC892}.Ad-Hoc|Any CPU.ActiveCfg = Debug|Any CPU
		{BC94AFD2-DE74-4BD8-A8F5-4E9341DDC892}.Ad-Hoc|Any CPU.Build.0 = Debug|Any CPU
		{BC94AFD2-DE74-4BD8-A8F5-4E9341DDC892}.Ad-Hoc|ARM.ActiveCfg = Debug|Any CPU
		{BC94AFD2-DE74-4BD8-A8F5-4E9341DDC892}.Ad-Hoc|ARM.Build.0 = Debug|Any CPU
		{BC94AFD2-DE74-4BD8-A8F5-4E9341DDC892}.Ad-Hoc|iPhone.ActiveCfg = Debug|Any CPU
		{BC94AFD2-DE74-4BD8-A8F5-4E9341DDC892}.Ad-Hoc|iPhone.Build.0 = Debug|Any CPU
		{BC94AFD2-DE74-4BD8-A8F5-4E9341DDC892}.Ad-Hoc|iPhoneSimulator.ActiveCfg = Debug|Any CPU
		{BC94AFD2-DE74-4BD8-A8F5-4E9341DDC892}.Ad-Hoc|iPhoneSimulator.Build.0 = Debug|Any CPU
		{BC94AFD2-DE74-4BD8-A8F5-4E9341DDC892}.Ad-Hoc|x64.ActiveCfg = Debug|Any CPU
		{BC94AFD2-DE74-4BD8-A8F5-4E9341DDC892}.Ad-Hoc|x64.Build.0 = Debug|Any CPU
		{BC94AFD2-DE74-4BD8-A8F5-4E9341DDC892}.Ad-Hoc|x86.ActiveCfg = Debug|Any CPU
		{BC94AFD2-DE74-4BD8-A8F5-4E9341DDC892}.Ad-Hoc|x86.Build.0 = Debug|Any CPU
		{BC94AFD2-DE74-4BD8-A8F5-4E9341DDC892}.AppStore|Any CPU.ActiveCfg = Debug|Any CPU
		{BC94AFD2-DE74-4BD8-A8F5-4E9341DDC892}.AppStore|Any CPU.Build.0 = Debug|Any CPU
		{BC94AFD2-DE74-4BD8-A8F5-4E9341DDC892}.AppStore|ARM.ActiveCfg = Debug|Any CPU
		{BC94AFD2-DE74-4BD8-A8F5-4E9341DDC892}.AppStore|ARM.Build.0 = Debug|Any CPU
		{BC94AFD2-DE74-4BD8-A8F5-4E9341DDC892}.AppStore|iPhone.ActiveCfg = Debug|Any CPU
		{BC94AFD2-DE74-4BD8-A8F5-4E9341DDC892}.AppStore|iPhone.Build.0 = Debug|Any CPU
		{BC94AFD2-DE74-4BD8-A8F5-4E9341DDC892}.AppStore|iPhoneSimulator.ActiveCfg = Debug|Any CPU
		{BC94AFD2-DE74-4BD8-A8F5-4E9341DDC892}.AppStore|iPhoneSimulator.Build.0 = Debug|Any CPU
		{BC94AFD2-DE74-4BD8-A8F5-4E9341DDC892}.AppStore|x64.ActiveCfg = Debug|Any CPU
		{BC94AFD2-DE74-4BD8-A8F5-4E9341DDC892}.AppStore|x64.Build.0 = Debug|Any CPU
		{BC94AFD2-DE74-4BD8-A8F5-4E9341DDC892}.AppStore|x86.ActiveCfg = Debug|Any CPU
		{BC94AFD2-DE74-4BD8-A8F5-4E9341DDC892}.AppStore|x86.Build.0 = Debug|Any CPU
		{BC94AFD2-DE74-4BD8-A8F5-4E9341DDC892}.Debug|Any CPU.ActiveCfg = Debug|Any CPU
		{BC94AFD2-DE74-4BD8-A8F5-4E9341DDC892}.Debug|Any CPU.Build.0 = Debug|Any CPU
		{BC94AFD2-DE74-4BD8-A8F5-4E9341DDC892}.Debug|ARM.ActiveCfg = Debug|Any CPU
		{BC94AFD2-DE74-4BD8-A8F5-4E9341DDC892}.Debug|ARM.Build.0 = Debug|Any CPU
		{BC94AFD2-DE74-4BD8-A8F5-4E9341DDC892}.Debug|iPhone.ActiveCfg = Debug|Any CPU
		{BC94AFD2-DE74-4BD8-A8F5-4E9341DDC892}.Debug|iPhone.Build.0 = Debug|Any CPU
		{BC94AFD2-DE74-4BD8-A8F5-4E9341DDC892}.Debug|iPhoneSimulator.ActiveCfg = Debug|Any CPU
		{BC94AFD2-DE74-4BD8-A8F5-4E9341DDC892}.Debug|iPhoneSimulator.Build.0 = Debug|Any CPU
		{BC94AFD2-DE74-4BD8-A8F5-4E9341DDC892}.Debug|x64.ActiveCfg = Debug|Any CPU
		{BC94AFD2-DE74-4BD8-A8F5-4E9341DDC892}.Debug|x64.Build.0 = Debug|Any CPU
		{BC94AFD2-DE74-4BD8-A8F5-4E9341DDC892}.Debug|x86.ActiveCfg = Debug|Any CPU
		{BC94AFD2-DE74-4BD8-A8F5-4E9341DDC892}.Debug|x86.Build.0 = Debug|Any CPU
		{BC94AFD2-DE74-4BD8-A8F5-4E9341DDC892}.Release|Any CPU.ActiveCfg = Release|Any CPU
		{BC94AFD2-DE74-4BD8-A8F5-4E9341DDC892}.Release|Any CPU.Build.0 = Release|Any CPU
		{BC94AFD2-DE74-4BD8-A8F5-4E9341DDC892}.Release|ARM.ActiveCfg = Release|Any CPU
		{BC94AFD2-DE74-4BD8-A8F5-4E9341DDC892}.Release|ARM.Build.0 = Release|Any CPU
		{BC94AFD2-DE74-4BD8-A8F5-4E9341DDC892}.Release|iPhone.ActiveCfg = Release|Any CPU
		{BC94AFD2-DE74-4BD8-A8F5-4E9341DDC892}.Release|iPhone.Build.0 = Release|Any CPU
		{BC94AFD2-DE74-4BD8-A8F5-4E9341DDC892}.Release|iPhoneSimulator.ActiveCfg = Release|Any CPU
		{BC94AFD2-DE74-4BD8-A8F5-4E9341DDC892}.Release|iPhoneSimulator.Build.0 = Release|Any CPU
		{BC94AFD2-DE74-4BD8-A8F5-4E9341DDC892}.Release|x64.ActiveCfg = Release|Any CPU
		{BC94AFD2-DE74-4BD8-A8F5-4E9341DDC892}.Release|x64.Build.0 = Release|Any CPU
		{BC94AFD2-DE74-4BD8-A8F5-4E9341DDC892}.Release|x86.ActiveCfg = Release|Any CPU
		{BC94AFD2-DE74-4BD8-A8F5-4E9341DDC892}.Release|x86.Build.0 = Release|Any CPU
		{A7AC4978-662C-431A-B03E-1DA5B2E79122}.Ad-Hoc|Any CPU.ActiveCfg = Debug|Any CPU
		{A7AC4978-662C-431A-B03E-1DA5B2E79122}.Ad-Hoc|Any CPU.Build.0 = Debug|Any CPU
		{A7AC4978-662C-431A-B03E-1DA5B2E79122}.Ad-Hoc|ARM.ActiveCfg = Debug|Any CPU
		{A7AC4978-662C-431A-B03E-1DA5B2E79122}.Ad-Hoc|ARM.Build.0 = Debug|Any CPU
		{A7AC4978-662C-431A-B03E-1DA5B2E79122}.Ad-Hoc|iPhone.ActiveCfg = Debug|Any CPU
		{A7AC4978-662C-431A-B03E-1DA5B2E79122}.Ad-Hoc|iPhone.Build.0 = Debug|Any CPU
		{A7AC4978-662C-431A-B03E-1DA5B2E79122}.Ad-Hoc|iPhoneSimulator.ActiveCfg = Debug|Any CPU
		{A7AC4978-662C-431A-B03E-1DA5B2E79122}.Ad-Hoc|iPhoneSimulator.Build.0 = Debug|Any CPU
		{A7AC4978-662C-431A-B03E-1DA5B2E79122}.Ad-Hoc|x64.ActiveCfg = Debug|Any CPU
		{A7AC4978-662C-431A-B03E-1DA5B2E79122}.Ad-Hoc|x64.Build.0 = Debug|Any CPU
		{A7AC4978-662C-431A-B03E-1DA5B2E79122}.Ad-Hoc|x86.ActiveCfg = Debug|Any CPU
		{A7AC4978-662C-431A-B03E-1DA5B2E79122}.Ad-Hoc|x86.Build.0 = Debug|Any CPU
		{A7AC4978-662C-431A-B03E-1DA5B2E79122}.AppStore|Any CPU.ActiveCfg = Debug|Any CPU
		{A7AC4978-662C-431A-B03E-1DA5B2E79122}.AppStore|Any CPU.Build.0 = Debug|Any CPU
		{A7AC4978-662C-431A-B03E-1DA5B2E79122}.AppStore|ARM.ActiveCfg = Debug|Any CPU
		{A7AC4978-662C-431A-B03E-1DA5B2E79122}.AppStore|ARM.Build.0 = Debug|Any CPU
		{A7AC4978-662C-431A-B03E-1DA5B2E79122}.AppStore|iPhone.ActiveCfg = Debug|Any CPU
		{A7AC4978-662C-431A-B03E-1DA5B2E79122}.AppStore|iPhone.Build.0 = Debug|Any CPU
		{A7AC4978-662C-431A-B03E-1DA5B2E79122}.AppStore|iPhoneSimulator.ActiveCfg = Debug|Any CPU
		{A7AC4978-662C-431A-B03E-1DA5B2E79122}.AppStore|iPhoneSimulator.Build.0 = Debug|Any CPU
		{A7AC4978-662C-431A-B03E-1DA5B2E79122}.AppStore|x64.ActiveCfg = Debug|Any CPU
		{A7AC4978-662C-431A-B03E-1DA5B2E79122}.AppStore|x64.Build.0 = Debug|Any CPU
		{A7AC4978-662C-431A-B03E-1DA5B2E79122}.AppStore|x86.ActiveCfg = Debug|Any CPU
		{A7AC4978-662C-431A-B03E-1DA5B2E79122}.AppStore|x86.Build.0 = Debug|Any CPU
		{A7AC4978-662C-431A-B03E-1DA5B2E79122}.Debug|Any CPU.ActiveCfg = Debug|Any CPU
		{A7AC4978-662C-431A-B03E-1DA5B2E79122}.Debug|Any CPU.Build.0 = Debug|Any CPU
		{A7AC4978-662C-431A-B03E-1DA5B2E79122}.Debug|ARM.ActiveCfg = Debug|Any CPU
		{A7AC4978-662C-431A-B03E-1DA5B2E79122}.Debug|ARM.Build.0 = Debug|Any CPU
		{A7AC4978-662C-431A-B03E-1DA5B2E79122}.Debug|iPhone.ActiveCfg = Debug|Any CPU
		{A7AC4978-662C-431A-B03E-1DA5B2E79122}.Debug|iPhone.Build.0 = Debug|Any CPU
		{A7AC4978-662C-431A-B03E-1DA5B2E79122}.Debug|iPhoneSimulator.ActiveCfg = Debug|Any CPU
		{A7AC4978-662C-431A-B03E-1DA5B2E79122}.Debug|iPhoneSimulator.Build.0 = Debug|Any CPU
		{A7AC4978-662C-431A-B03E-1DA5B2E79122}.Debug|x64.ActiveCfg = Debug|Any CPU
		{A7AC4978-662C-431A-B03E-1DA5B2E79122}.Debug|x64.Build.0 = Debug|Any CPU
		{A7AC4978-662C-431A-B03E-1DA5B2E79122}.Debug|x86.ActiveCfg = Debug|Any CPU
		{A7AC4978-662C-431A-B03E-1DA5B2E79122}.Debug|x86.Build.0 = Debug|Any CPU
		{A7AC4978-662C-431A-B03E-1DA5B2E79122}.Release|Any CPU.ActiveCfg = Release|Any CPU
		{A7AC4978-662C-431A-B03E-1DA5B2E79122}.Release|Any CPU.Build.0 = Release|Any CPU
		{A7AC4978-662C-431A-B03E-1DA5B2E79122}.Release|ARM.ActiveCfg = Release|Any CPU
		{A7AC4978-662C-431A-B03E-1DA5B2E79122}.Release|ARM.Build.0 = Release|Any CPU
		{A7AC4978-662C-431A-B03E-1DA5B2E79122}.Release|iPhone.ActiveCfg = Release|Any CPU
		{A7AC4978-662C-431A-B03E-1DA5B2E79122}.Release|iPhone.Build.0 = Release|Any CPU
		{A7AC4978-662C-431A-B03E-1DA5B2E79122}.Release|iPhoneSimulator.ActiveCfg = Release|Any CPU
		{A7AC4978-662C-431A-B03E-1DA5B2E79122}.Release|iPhoneSimulator.Build.0 = Release|Any CPU
		{A7AC4978-662C-431A-B03E-1DA5B2E79122}.Release|x64.ActiveCfg = Release|Any CPU
		{A7AC4978-662C-431A-B03E-1DA5B2E79122}.Release|x64.Build.0 = Release|Any CPU
		{A7AC4978-662C-431A-B03E-1DA5B2E79122}.Release|x86.ActiveCfg = Release|Any CPU
		{A7AC4978-662C-431A-B03E-1DA5B2E79122}.Release|x86.Build.0 = Release|Any CPU
		{396CDB03-A4C8-4324-A0DA-C3712A1B803D}.Ad-Hoc|Any CPU.ActiveCfg = Debug|Any CPU
		{396CDB03-A4C8-4324-A0DA-C3712A1B803D}.Ad-Hoc|Any CPU.Build.0 = Debug|Any CPU
		{396CDB03-A4C8-4324-A0DA-C3712A1B803D}.Ad-Hoc|ARM.ActiveCfg = Debug|Any CPU
		{396CDB03-A4C8-4324-A0DA-C3712A1B803D}.Ad-Hoc|ARM.Build.0 = Debug|Any CPU
		{396CDB03-A4C8-4324-A0DA-C3712A1B803D}.Ad-Hoc|iPhone.ActiveCfg = Debug|Any CPU
		{396CDB03-A4C8-4324-A0DA-C3712A1B803D}.Ad-Hoc|iPhone.Build.0 = Debug|Any CPU
		{396CDB03-A4C8-4324-A0DA-C3712A1B803D}.Ad-Hoc|iPhoneSimulator.ActiveCfg = Debug|Any CPU
		{396CDB03-A4C8-4324-A0DA-C3712A1B803D}.Ad-Hoc|iPhoneSimulator.Build.0 = Debug|Any CPU
		{396CDB03-A4C8-4324-A0DA-C3712A1B803D}.Ad-Hoc|x64.ActiveCfg = Debug|Any CPU
		{396CDB03-A4C8-4324-A0DA-C3712A1B803D}.Ad-Hoc|x64.Build.0 = Debug|Any CPU
		{396CDB03-A4C8-4324-A0DA-C3712A1B803D}.Ad-Hoc|x86.ActiveCfg = Debug|Any CPU
		{396CDB03-A4C8-4324-A0DA-C3712A1B803D}.Ad-Hoc|x86.Build.0 = Debug|Any CPU
		{396CDB03-A4C8-4324-A0DA-C3712A1B803D}.AppStore|Any CPU.ActiveCfg = Debug|Any CPU
		{396CDB03-A4C8-4324-A0DA-C3712A1B803D}.AppStore|Any CPU.Build.0 = Debug|Any CPU
		{396CDB03-A4C8-4324-A0DA-C3712A1B803D}.AppStore|ARM.ActiveCfg = Debug|Any CPU
		{396CDB03-A4C8-4324-A0DA-C3712A1B803D}.AppStore|ARM.Build.0 = Debug|Any CPU
		{396CDB03-A4C8-4324-A0DA-C3712A1B803D}.AppStore|iPhone.ActiveCfg = Debug|Any CPU
		{396CDB03-A4C8-4324-A0DA-C3712A1B803D}.AppStore|iPhone.Build.0 = Debug|Any CPU
		{396CDB03-A4C8-4324-A0DA-C3712A1B803D}.AppStore|iPhoneSimulator.ActiveCfg = Debug|Any CPU
		{396CDB03-A4C8-4324-A0DA-C3712A1B803D}.AppStore|iPhoneSimulator.Build.0 = Debug|Any CPU
		{396CDB03-A4C8-4324-A0DA-C3712A1B803D}.AppStore|x64.ActiveCfg = Debug|Any CPU
		{396CDB03-A4C8-4324-A0DA-C3712A1B803D}.AppStore|x64.Build.0 = Debug|Any CPU
		{396CDB03-A4C8-4324-A0DA-C3712A1B803D}.AppStore|x86.ActiveCfg = Debug|Any CPU
		{396CDB03-A4C8-4324-A0DA-C3712A1B803D}.AppStore|x86.Build.0 = Debug|Any CPU
		{396CDB03-A4C8-4324-A0DA-C3712A1B803D}.Debug|Any CPU.ActiveCfg = Debug|Any CPU
		{396CDB03-A4C8-4324-A0DA-C3712A1B803D}.Debug|Any CPU.Build.0 = Debug|Any CPU
		{396CDB03-A4C8-4324-A0DA-C3712A1B803D}.Debug|ARM.ActiveCfg = Debug|Any CPU
		{396CDB03-A4C8-4324-A0DA-C3712A1B803D}.Debug|ARM.Build.0 = Debug|Any CPU
		{396CDB03-A4C8-4324-A0DA-C3712A1B803D}.Debug|iPhone.ActiveCfg = Debug|Any CPU
		{396CDB03-A4C8-4324-A0DA-C3712A1B803D}.Debug|iPhone.Build.0 = Debug|Any CPU
		{396CDB03-A4C8-4324-A0DA-C3712A1B803D}.Debug|iPhoneSimulator.ActiveCfg = Debug|Any CPU
		{396CDB03-A4C8-4324-A0DA-C3712A1B803D}.Debug|iPhoneSimulator.Build.0 = Debug|Any CPU
		{396CDB03-A4C8-4324-A0DA-C3712A1B803D}.Debug|x64.ActiveCfg = Debug|Any CPU
		{396CDB03-A4C8-4324-A0DA-C3712A1B803D}.Debug|x64.Build.0 = Debug|Any CPU
		{396CDB03-A4C8-4324-A0DA-C3712A1B803D}.Debug|x86.ActiveCfg = Debug|Any CPU
		{396CDB03-A4C8-4324-A0DA-C3712A1B803D}.Debug|x86.Build.0 = Debug|Any CPU
		{396CDB03-A4C8-4324-A0DA-C3712A1B803D}.Release|Any CPU.ActiveCfg = Release|Any CPU
		{396CDB03-A4C8-4324-A0DA-C3712A1B803D}.Release|Any CPU.Build.0 = Release|Any CPU
		{396CDB03-A4C8-4324-A0DA-C3712A1B803D}.Release|ARM.ActiveCfg = Release|Any CPU
		{396CDB03-A4C8-4324-A0DA-C3712A1B803D}.Release|ARM.Build.0 = Release|Any CPU
		{396CDB03-A4C8-4324-A0DA-C3712A1B803D}.Release|iPhone.ActiveCfg = Release|Any CPU
		{396CDB03-A4C8-4324-A0DA-C3712A1B803D}.Release|iPhone.Build.0 = Release|Any CPU
		{396CDB03-A4C8-4324-A0DA-C3712A1B803D}.Release|iPhoneSimulator.ActiveCfg = Release|Any CPU
		{396CDB03-A4C8-4324-A0DA-C3712A1B803D}.Release|iPhoneSimulator.Build.0 = Release|Any CPU
		{396CDB03-A4C8-4324-A0DA-C3712A1B803D}.Release|x64.ActiveCfg = Release|Any CPU
		{396CDB03-A4C8-4324-A0DA-C3712A1B803D}.Release|x64.Build.0 = Release|Any CPU
		{396CDB03-A4C8-4324-A0DA-C3712A1B803D}.Release|x86.ActiveCfg = Release|Any CPU
		{396CDB03-A4C8-4324-A0DA-C3712A1B803D}.Release|x86.Build.0 = Release|Any CPU
	EndGlobalSection
	GlobalSection(SolutionProperties) = preSolution
		HideSolutionNode = FALSE
	EndGlobalSection
	GlobalSection(NestedProjects) = preSolution
		{F221A3ED-3CD5-4E82-B043-2A15A6DD33DE} = {1334575A-D9F5-4E03-A24A-3B4F64F32B2A}
		{58265B62-D19C-4E3F-A954-6373A0D7E3CD} = {1334575A-D9F5-4E03-A24A-3B4F64F32B2A}
		{25CE75B4-7666-463A-B4F8-16556988C592} = {1334575A-D9F5-4E03-A24A-3B4F64F32B2A}
	EndGlobalSection
	GlobalSection(ExtensibilityGlobals) = postSolution
		SolutionGuid = {2E58ED9E-AEA0-49F8-8E11-7839F16136E1}
	EndGlobalSection
EndGlobal
